
Microsoft Visual Studio Solution File, Format Version 12.00
Project("{FAE04EC0-301F-11D3-BF4B-00C04F79EFBC}") = "Bible", "Bible\Bible.csproj", "{E7E6F1EC-1D2B-43D0-999E-2F608CE4D9F4}"
EndProject
Global
	GlobalSection(SolutionConfigurationPlatforms) = preSolution
		Debug|Any CPU = Debug|Any CPU
		Release|Any CPU = Release|Any CPU
	EndGlobalSection
	GlobalSection(ProjectConfigurationPlatforms) = postSolution
		{E7E6F1EC-1D2B-43D0-999E-2F608CE4D9F4}.Debug|Any CPU.ActiveCfg = Debug|Any CPU
		{E7E6F1EC-1D2B-43D0-999E-2F608CE4D9F4}.Debug|Any CPU.Build.0 = Debug|Any CPU
		{E7E6F1EC-1D2B-43D0-999E-2F608CE4D9F4}.Release|Any CPU.ActiveCfg = Release|Any CPU
		{E7E6F1EC-1D2B-43D0-999E-2F608CE4D9F4}.Release|Any CPU.Build.0 = Release|Any CPU
	EndGlobalSection
EndGlobal
